
Microsoft Visual Studio Solution File, Format Version 12.00
# Visual Studio 15
Project("{FAE04EC0-301F-11D3-BF4B-00C04F79EFBC}") = "NugetCi", "NugetCi\NugetCi.csproj", "{9356338C-D456-4636-9C8D-532D55690A22}"
EndProject
Project("{FAE04EC0-301F-11D3-BF4B-00C04F79EFBC}") = "NugetCi.iOS", "NugetCi.iOS\NugetCi.iOS.csproj", "{AE1BF7AE-5374-449C-8194-29310A8FB4B7}"
EndProject
Project("{FAE04EC0-301F-11D3-BF4B-00C04F79EFBC}") = "NugetCi.Android", "NugetCi.Android\NugetCi.Android.csproj", "{2BE0956A-B08B-4338-A4AF-FB981B8FB9B0}"
EndProject
Global
	GlobalSection(SolutionConfigurationPlatforms) = preSolution
		Debug|Any CPU = Debug|Any CPU
		Release|Any CPU = Release|Any CPU
	EndGlobalSection
	GlobalSection(ProjectConfigurationPlatforms) = postSolution
		{9356338C-D456-4636-9C8D-532D55690A22}.Debug|Any CPU.ActiveCfg = Debug|Any CPU
		{9356338C-D456-4636-9C8D-532D55690A22}.Debug|Any CPU.Build.0 = Debug|Any CPU
		{9356338C-D456-4636-9C8D-532D55690A22}.Release|Any CPU.ActiveCfg = Release|Any CPU
		{9356338C-D456-4636-9C8D-532D55690A22}.Release|Any CPU.Build.0 = Release|Any CPU
		{AE1BF7AE-5374-449C-8194-29310A8FB4B7}.Debug|Any CPU.ActiveCfg = Debug|Any CPU
		{AE1BF7AE-5374-449C-8194-29310A8FB4B7}.Debug|Any CPU.Build.0 = Debug|Any CPU
		{AE1BF7AE-5374-449C-8194-29310A8FB4B7}.Release|Any CPU.ActiveCfg = Release|Any CPU
		{AE1BF7AE-5374-449C-8194-29310A8FB4B7}.Release|Any CPU.Build.0 = Release|Any CPU
		{2BE0956A-B08B-4338-A4AF-FB981B8FB9B0}.Debug|Any CPU.ActiveCfg = Debug|Any CPU
		{2BE0956A-B08B-4338-A4AF-FB981B8FB9B0}.Debug|Any CPU.Build.0 = Debug|Any CPU
		{2BE0956A-B08B-4338-A4AF-FB981B8FB9B0}.Release|Any CPU.ActiveCfg = Release|Any CPU
		{2BE0956A-B08B-4338-A4AF-FB981B8FB9B0}.Release|Any CPU.Build.0 = Release|Any CPU
	EndGlobalSection
EndGlobal
